
Microsoft Visual Studio Solution File, Format Version 12.00
# Visual Studio Version 17
VisualStudioVersion = 17.11.35312.102
MinimumVisualStudioVersion = 10.0.40219.1
Project("{FAE04EC0-301F-11D3-BF4B-00C04F79EFBC}") = "MorseDeccompiler", "MorseDeccompiler\MorseDeccompiler.csproj", "{A853CB31-68FA-4C59-A127-16055F50B700}"
EndProject
Global
	GlobalSection(SolutionConfigurationPlatforms) = preSolution
		Debug|Any CPU = Debug|Any CPU
		Release|Any CPU = Release|Any CPU
	EndGlobalSection
	GlobalSection(ProjectConfigurationPlatforms) = postSolution
		{A853CB31-68FA-4C59-A127-16055F50B700}.Debug|Any CPU.ActiveCfg = Debug|Any CPU
		{A853CB31-68FA-4C59-A127-16055F50B700}.Debug|Any CPU.Build.0 = Debug|Any CPU
		{A853CB31-68FA-4C59-A127-16055F50B700}.Release|Any CPU.ActiveCfg = Release|Any CPU
		{A853CB31-68FA-4C59-A127-16055F50B700}.Release|Any CPU.Build.0 = Release|Any CPU
	EndGlobalSection
	GlobalSection(SolutionProperties) = preSolution
		HideSolutionNode = FALSE
	EndGlobalSection
	GlobalSection(ExtensibilityGlobals) = postSolution
		SolutionGuid = {045FB405-3111-4BE7-8D29-50FDEE9BF62D}
	EndGlobalSection
EndGlobal
