
Microsoft Visual Studio Solution File, Format Version 12.00
# Visual Studio Version 17
VisualStudioVersion = 17.11.35312.102
MinimumVisualStudioVersion = 10.0.40219.1
Project("{FAE04EC0-301F-11D3-BF4B-00C04F79EFBC}") = "MorseLanguageDeccompiler", "MorseLanguageDeccompiler\MorseLanguageDeccompiler.csproj", "{2DA245C9-C858-4893-8937-93A598BC50C7}"
EndProject
Global
	GlobalSection(SolutionConfigurationPlatforms) = preSolution
		Debug|Any CPU = Debug|Any CPU
		Release|Any CPU = Release|Any CPU
	EndGlobalSection
	GlobalSection(ProjectConfigurationPlatforms) = postSolution
		{2DA245C9-C858-4893-8937-93A598BC50C7}.Debug|Any CPU.ActiveCfg = Debug|Any CPU
		{2DA245C9-C858-4893-8937-93A598BC50C7}.Debug|Any CPU.Build.0 = Debug|Any CPU
		{2DA245C9-C858-4893-8937-93A598BC50C7}.Release|Any CPU.ActiveCfg = Release|Any CPU
		{2DA245C9-C858-4893-8937-93A598BC50C7}.Release|Any CPU.Build.0 = Release|Any CPU
	EndGlobalSection
	GlobalSection(SolutionProperties) = preSolution
		HideSolutionNode = FALSE
	EndGlobalSection
	GlobalSection(ExtensibilityGlobals) = postSolution
		SolutionGuid = {05BF2870-F2C7-432F-A299-A2A2AB6EDD59}
	EndGlobalSection
EndGlobal
